
Microsoft Visual Studio Solution File, Format Version 12.00
# Visual Studio Version 16
VisualStudioVersion = 16.0.808.3
MinimumVisualStudioVersion = 10.0.40219.1
Project("{FAE04EC0-301F-11D3-BF4B-00C04F79EFBC}") = "Lesson022_HT", "Lesson022_HT\Lesson022_HT.csproj", "{F02BA011-3BD8-4ED3-926C-62344F2D140F}"
EndProject
Project("{FAE04EC0-301F-11D3-BF4B-00C04F79EFBC}") = "Lesson022_HT_Task2", "Lesson022_HT_Task2\Lesson022_HT_Task2.csproj", "{C2151DC9-41B2-4B64-98F4-3B1EF7F65E07}"
EndProject
Project("{FAE04EC0-301F-11D3-BF4B-00C04F79EFBC}") = "Lesson019_HT_Task1", "..\Lesson019_HT\Lesson019_HT_Task1\Lesson019_HT_Task1.csproj", "{15E88659-C187-4043-B8E0-9BAA1555895C}"
EndProject
Project("{FAE04EC0-301F-11D3-BF4B-00C04F79EFBC}") = "Lesson022_HT_Task3", "Lesson022_HT_Task3\Lesson022_HT_Task3.csproj", "{A19943F1-3F0B-4450-8C94-1F74EEF6ACFD}"
EndProject
Project("{FAE04EC0-301F-11D3-BF4B-00C04F79EFBC}") = "Lesson019_HT_Task2", "..\Lesson019_HT\Lesson019_HT_Task2\Lesson019_HT_Task2.csproj", "{ED54DF9C-FE96-46CD-B8D2-B11E6906D60A}"
EndProject
Global
	GlobalSection(SolutionConfigurationPlatforms) = preSolution
		Debug|anycpu = Debug|anycpu
		Release|anycpu = Release|anycpu
	EndGlobalSection
	GlobalSection(ProjectConfigurationPlatforms) = postSolution
		{F02BA011-3BD8-4ED3-926C-62344F2D140F}.Debug|anycpu.ActiveCfg = Debug|anycpu
		{F02BA011-3BD8-4ED3-926C-62344F2D140F}.Debug|anycpu.Build.0 = Debug|anycpu
		{F02BA011-3BD8-4ED3-926C-62344F2D140F}.Release|anycpu.ActiveCfg = Release|anycpu
		{F02BA011-3BD8-4ED3-926C-62344F2D140F}.Release|anycpu.Build.0 = Release|anycpu
		{C2151DC9-41B2-4B64-98F4-3B1EF7F65E07}.Debug|anycpu.ActiveCfg = Debug|anycpu
		{C2151DC9-41B2-4B64-98F4-3B1EF7F65E07}.Debug|anycpu.Build.0 = Debug|anycpu
		{C2151DC9-41B2-4B64-98F4-3B1EF7F65E07}.Release|anycpu.ActiveCfg = Release|anycpu
		{C2151DC9-41B2-4B64-98F4-3B1EF7F65E07}.Release|anycpu.Build.0 = Release|anycpu
		{15E88659-C187-4043-B8E0-9BAA1555895C}.Debug|anycpu.ActiveCfg = Debug|anycpu
		{15E88659-C187-4043-B8E0-9BAA1555895C}.Debug|anycpu.Build.0 = Debug|anycpu
		{15E88659-C187-4043-B8E0-9BAA1555895C}.Release|anycpu.ActiveCfg = Release|anycpu
		{15E88659-C187-4043-B8E0-9BAA1555895C}.Release|anycpu.Build.0 = Release|anycpu
		{A19943F1-3F0B-4450-8C94-1F74EEF6ACFD}.Debug|anycpu.ActiveCfg = Debug|anycpu
		{A19943F1-3F0B-4450-8C94-1F74EEF6ACFD}.Debug|anycpu.Build.0 = Debug|anycpu
		{A19943F1-3F0B-4450-8C94-1F74EEF6ACFD}.Release|anycpu.ActiveCfg = Release|anycpu
		{A19943F1-3F0B-4450-8C94-1F74EEF6ACFD}.Release|anycpu.Build.0 = Release|anycpu
		{ED54DF9C-FE96-46CD-B8D2-B11E6906D60A}.Debug|anycpu.ActiveCfg = Debug|anycpu
		{ED54DF9C-FE96-46CD-B8D2-B11E6906D60A}.Debug|anycpu.Build.0 = Debug|anycpu
		{ED54DF9C-FE96-46CD-B8D2-B11E6906D60A}.Release|anycpu.ActiveCfg = Release|anycpu
		{ED54DF9C-FE96-46CD-B8D2-B11E6906D60A}.Release|anycpu.Build.0 = Release|anycpu
	EndGlobalSection
	GlobalSection(SolutionProperties) = preSolution
		HideSolutionNode = FALSE
	EndGlobalSection
	GlobalSection(ExtensibilityGlobals) = postSolution
		SolutionGuid = {B6A79CE9-3D85-4046-A7FA-EEEE0EB53908}
	EndGlobalSection
EndGlobal
